
Microsoft Visual Studio Solution File, Format Version 12.00
# Visual Studio Version 16
VisualStudioVersion = 16.0.31205.134
MinimumVisualStudioVersion = 10.0.40219.1
Project("{00D1A9C2-B5F0-4AF3-8072-F6C62B433612}") = "SWIFT_EXPRESS", "SWIFT_EXPRESS.sqlproj", "{37ABE10B-6C2D-485F-BF8B-C3403A361322}"
	ProjectSection(ProjectDependencies) = postProject
		{198E4B4E-E1CD-43C5-8335-A557716B5008} = {198E4B4E-E1CD-43C5-8335-A557716B5008}
		{E82E9EB0-8AE7-4078-9F9F-9626E2CB70D0} = {E82E9EB0-8AE7-4078-9F9F-9626E2CB70D0}
	EndProjectSection
EndProject
Project("{00D1A9C2-B5F0-4AF3-8072-F6C62B433612}") = "SWIFT_INTERFACES", "..\SWIFT_INTERFACES\SWIFT_INTERFACES.sqlproj", "{198E4B4E-E1CD-43C5-8335-A557716B5008}"
	ProjectSection(ProjectDependencies) = postProject
		{E82E9EB0-8AE7-4078-9F9F-9626E2CB70D0} = {E82E9EB0-8AE7-4078-9F9F-9626E2CB70D0}
	EndProjectSection
EndProject
Project("{00D1A9C2-B5F0-4AF3-8072-F6C62B433612}") = "SWIFT_INTERFACES_ONLINE", "..\SWIFT_INTERFACES_ONLINE\SWIFT_INTERFACES_ONLINE.sqlproj", "{E82E9EB0-8AE7-4078-9F9F-9626E2CB70D0}"
EndProject
Global
	GlobalSection(SolutionConfigurationPlatforms) = preSolution
		Debug|Any CPU = Debug|Any CPU
		Release|Any CPU = Release|Any CPU
	EndGlobalSection
	GlobalSection(ProjectConfigurationPlatforms) = postSolution
		{37ABE10B-6C2D-485F-BF8B-C3403A361322}.Debug|Any CPU.ActiveCfg = Debug|Any CPU
		{37ABE10B-6C2D-485F-BF8B-C3403A361322}.Debug|Any CPU.Build.0 = Debug|Any CPU
		{37ABE10B-6C2D-485F-BF8B-C3403A361322}.Debug|Any CPU.Deploy.0 = Debug|Any CPU
		{37ABE10B-6C2D-485F-BF8B-C3403A361322}.Release|Any CPU.ActiveCfg = Release|Any CPU
		{37ABE10B-6C2D-485F-BF8B-C3403A361322}.Release|Any CPU.Build.0 = Release|Any CPU
		{37ABE10B-6C2D-485F-BF8B-C3403A361322}.Release|Any CPU.Deploy.0 = Release|Any CPU
		{198E4B4E-E1CD-43C5-8335-A557716B5008}.Debug|Any CPU.ActiveCfg = Debug|Any CPU
		{198E4B4E-E1CD-43C5-8335-A557716B5008}.Debug|Any CPU.Build.0 = Debug|Any CPU
		{198E4B4E-E1CD-43C5-8335-A557716B5008}.Debug|Any CPU.Deploy.0 = Debug|Any CPU
		{198E4B4E-E1CD-43C5-8335-A557716B5008}.Release|Any CPU.ActiveCfg = Release|Any CPU
		{198E4B4E-E1CD-43C5-8335-A557716B5008}.Release|Any CPU.Build.0 = Release|Any CPU
		{198E4B4E-E1CD-43C5-8335-A557716B5008}.Release|Any CPU.Deploy.0 = Release|Any CPU
		{E82E9EB0-8AE7-4078-9F9F-9626E2CB70D0}.Debug|Any CPU.ActiveCfg = Debug|Any CPU
		{E82E9EB0-8AE7-4078-9F9F-9626E2CB70D0}.Debug|Any CPU.Build.0 = Debug|Any CPU
		{E82E9EB0-8AE7-4078-9F9F-9626E2CB70D0}.Debug|Any CPU.Deploy.0 = Debug|Any CPU
		{E82E9EB0-8AE7-4078-9F9F-9626E2CB70D0}.Release|Any CPU.ActiveCfg = Release|Any CPU
		{E82E9EB0-8AE7-4078-9F9F-9626E2CB70D0}.Release|Any CPU.Build.0 = Release|Any CPU
		{E82E9EB0-8AE7-4078-9F9F-9626E2CB70D0}.Release|Any CPU.Deploy.0 = Release|Any CPU
	EndGlobalSection
	GlobalSection(SolutionProperties) = preSolution
		HideSolutionNode = FALSE
	EndGlobalSection
	GlobalSection(ExtensibilityGlobals) = postSolution
		SolutionGuid = {E61C1E93-53E4-409D-B7D0-8EFC7C81B01F}
	EndGlobalSection
EndGlobal
