
Microsoft Visual Studio Solution File, Format Version 12.00
# Visual Studio Version 16
VisualStudioVersion = 16.0.31911.196
MinimumVisualStudioVersion = 10.0.40219.1
Project("{00D1A9C2-B5F0-4AF3-8072-F6C62B433612}") = "SONDADB2", "SONDADB2.sqlproj", "{A8B1755A-9003-4FAE-9A20-701F17FC7677}"
EndProject
Global
	GlobalSection(SolutionConfigurationPlatforms) = preSolution
		Debug|Any CPU = Debug|Any CPU
		Release|Any CPU = Release|Any CPU
	EndGlobalSection
	GlobalSection(ProjectConfigurationPlatforms) = postSolution
		{A8B1755A-9003-4FAE-9A20-701F17FC7677}.Debug|Any CPU.ActiveCfg = Debug|Any CPU
		{A8B1755A-9003-4FAE-9A20-701F17FC7677}.Debug|Any CPU.Build.0 = Debug|Any CPU
		{A8B1755A-9003-4FAE-9A20-701F17FC7677}.Debug|Any CPU.Deploy.0 = Debug|Any CPU
		{A8B1755A-9003-4FAE-9A20-701F17FC7677}.Release|Any CPU.ActiveCfg = Release|Any CPU
		{A8B1755A-9003-4FAE-9A20-701F17FC7677}.Release|Any CPU.Build.0 = Release|Any CPU
		{A8B1755A-9003-4FAE-9A20-701F17FC7677}.Release|Any CPU.Deploy.0 = Release|Any CPU
	EndGlobalSection
	GlobalSection(SolutionProperties) = preSolution
		HideSolutionNode = FALSE
	EndGlobalSection
	GlobalSection(ExtensibilityGlobals) = postSolution
		SolutionGuid = {1BC9F2BF-B90C-49FE-A59A-AB37C8301DDC}
	EndGlobalSection
EndGlobal
